// !$*UTF8*$!
{
	archiveVersion = 1;
	classes = {
	};
	objectVersion = 50;
	objects = {

/* Begin PBXBuildFile section */
		331C0B7F22A7B776003659C3 /* CollectionViewCell.swift in Sources */ = {isa = PBXBuildFile; fileRef = 331C0B7E22A7B776003659C3 /* CollectionViewCell.swift */; };
		331C0B8122A7B877003659C3 /* MesasCollectionViewController.swift in Sources */ = {isa = PBXBuildFile; fileRef = 331C0B8022A7B877003659C3 /* MesasCollectionViewController.swift */; };
		331C0B8422A7BA7D003659C3 /* RestClient.swift in Sources */ = {isa = PBXBuildFile; fileRef = 331C0B8322A7BA7D003659C3 /* RestClient.swift */; };
		331C0B8622A7BAF7003659C3 /* OnResponse.swift in Sources */ = {isa = PBXBuildFile; fileRef = 331C0B8522A7BAF7003659C3 /* OnResponse.swift */; };
		331C0B8822A7BB28003659C3 /* Util.swift in Sources */ = {isa = PBXBuildFile; fileRef = 331C0B8722A7BB28003659C3 /* Util.swift */; };
		331C0B8A22A7BCD8003659C3 /* ProductoRest.swift in Sources */ = {isa = PBXBuildFile; fileRef = 331C0B8922A7BCD8003659C3 /* ProductoRest.swift */; };
		331C0B8C22A7BDC9003659C3 /* MesaRest.swift in Sources */ = {isa = PBXBuildFile; fileRef = 331C0B8B22A7BDC9003659C3 /* MesaRest.swift */; };
		331C0B8E22A7BE5A003659C3 /* FacturaRest.swift in Sources */ = {isa = PBXBuildFile; fileRef = 331C0B8D22A7BE5A003659C3 /* FacturaRest.swift */; };
		331C0B9022A7BEAC003659C3 /* UsuarioRest.swift in Sources */ = {isa = PBXBuildFile; fileRef = 331C0B8F22A7BEAC003659C3 /* UsuarioRest.swift */; };
		331C0B9222A7BEE3003659C3 /* ComandaRest.swift in Sources */ = {isa = PBXBuildFile; fileRef = 331C0B9122A7BEE3003659C3 /* ComandaRest.swift */; };
		331C0B9A22A7C03A003659C3 /* Producto.swift in Sources */ = {isa = PBXBuildFile; fileRef = 331C0B9922A7C03A003659C3 /* Producto.swift */; };
		331C0B9C22A7C155003659C3 /* Mesa.swift in Sources */ = {isa = PBXBuildFile; fileRef = 331C0B9B22A7C155003659C3 /* Mesa.swift */; };
		331C0B9E22A7C1BB003659C3 /* Factura.swift in Sources */ = {isa = PBXBuildFile; fileRef = 331C0B9D22A7C1BB003659C3 /* Factura.swift */; };
		331C0BA022A7C3D5003659C3 /* Comanda.swift in Sources */ = {isa = PBXBuildFile; fileRef = 331C0B9F22A7C3D5003659C3 /* Comanda.swift */; };
		331C0BA222A7C4C9003659C3 /* Usuario.swift in Sources */ = {isa = PBXBuildFile; fileRef = 331C0BA122A7C4C9003659C3 /* Usuario.swift */; };
		33C0976422B234FA00019699 /* FacturaViewController.swift in Sources */ = {isa = PBXBuildFile; fileRef = 33C0976322B234FA00019699 /* FacturaViewController.swift */; };
		33C0976622B2469800019699 /* FacturaDetalle.swift in Sources */ = {isa = PBXBuildFile; fileRef = 33C0976522B2469800019699 /* FacturaDetalle.swift */; };
		33F8442D22A68DE4002EE0CF /* AppDelegate.swift in Sources */ = {isa = PBXBuildFile; fileRef = 33F8442C22A68DE4002EE0CF /* AppDelegate.swift */; };
		33F8443222A68DE4002EE0CF /* Main.storyboard in Resources */ = {isa = PBXBuildFile; fileRef = 33F8443022A68DE4002EE0CF /* Main.storyboard */; };
		33F8443422A68DE6002EE0CF /* Assets.xcassets in Resources */ = {isa = PBXBuildFile; fileRef = 33F8443322A68DE6002EE0CF /* Assets.xcassets */; };
		33F8443722A68DE6002EE0CF /* LaunchScreen.storyboard in Resources */ = {isa = PBXBuildFile; fileRef = 33F8443522A68DE6002EE0CF /* LaunchScreen.storyboard */; };
		9A4E0B2222B12E3D00DD2D6F /* ProductoTableViewCell.swift in Sources */ = {isa = PBXBuildFile; fileRef = 9A4E0B2122B12E3D00DD2D6F /* ProductoTableViewCell.swift */; };
		9A4E0B2422B1334300DD2D6F /* ProductoTableViewController.swift in Sources */ = {isa = PBXBuildFile; fileRef = 9A4E0B2322B1334300DD2D6F /* ProductoTableViewController.swift */; };
		9A4E0B2622B193F100DD2D6F /* FacturaTableViewCell.swift in Sources */ = {isa = PBXBuildFile; fileRef = 9A4E0B2522B193F100DD2D6F /* FacturaTableViewCell.swift */; };
/* End PBXBuildFile section */

/* Begin PBXFileReference section */
		331C0B7E22A7B776003659C3 /* CollectionViewCell.swift */ = {isa = PBXFileReference; lastKnownFileType = sourcecode.swift; path = CollectionViewCell.swift; sourceTree = "<group>"; };
		331C0B8022A7B877003659C3 /* MesasCollectionViewController.swift */ = {isa = PBXFileReference; lastKnownFileType = sourcecode.swift; path = MesasCollectionViewController.swift; sourceTree = "<group>"; };
		331C0B8322A7BA7D003659C3 /* RestClient.swift */ = {isa = PBXFileReference; lastKnownFileType = sourcecode.swift; path = RestClient.swift; sourceTree = "<group>"; };
		331C0B8522A7BAF7003659C3 /* OnResponse.swift */ = {isa = PBXFileReference; lastKnownFileType = sourcecode.swift; path = OnResponse.swift; sourceTree = "<group>"; };
		331C0B8722A7BB28003659C3 /* Util.swift */ = {isa = PBXFileReference; lastKnownFileType = sourcecode.swift; path = Util.swift; sourceTree = "<group>"; };
		331C0B8922A7BCD8003659C3 /* ProductoRest.swift */ = {isa = PBXFileReference; lastKnownFileType = sourcecode.swift; path = ProductoRest.swift; sourceTree = "<group>"; };
		331C0B8B22A7BDC9003659C3 /* MesaRest.swift */ = {isa = PBXFileReference; lastKnownFileType = sourcecode.swift; path = MesaRest.swift; sourceTree = "<group>"; };
		331C0B8D22A7BE5A003659C3 /* FacturaRest.swift */ = {isa = PBXFileReference; lastKnownFileType = sourcecode.swift; path = FacturaRest.swift; sourceTree = "<group>"; };
		331C0B8F22A7BEAC003659C3 /* UsuarioRest.swift */ = {isa = PBXFileReference; lastKnownFileType = sourcecode.swift; path = UsuarioRest.swift; sourceTree = "<group>"; };
		331C0B9122A7BEE3003659C3 /* ComandaRest.swift */ = {isa = PBXFileReference; lastKnownFileType = sourcecode.swift; path = ComandaRest.swift; sourceTree = "<group>"; };
		331C0B9922A7C03A003659C3 /* Producto.swift */ = {isa = PBXFileReference; lastKnownFileType = sourcecode.swift; path = Producto.swift; sourceTree = "<group>"; };
		331C0B9B22A7C155003659C3 /* Mesa.swift */ = {isa = PBXFileReference; lastKnownFileType = sourcecode.swift; path = Mesa.swift; sourceTree = "<group>"; };
		331C0B9D22A7C1BB003659C3 /* Factura.swift */ = {isa = PBXFileReference; lastKnownFileType = sourcecode.swift; path = Factura.swift; sourceTree = "<group>"; };
		331C0B9F22A7C3D5003659C3 /* Comanda.swift */ = {isa = PBXFileReference; lastKnownFileType = sourcecode.swift; path = Comanda.swift; sourceTree = "<group>"; };
		331C0BA122A7C4C9003659C3 /* Usuario.swift */ = {isa = PBXFileReference; lastKnownFileType = sourcecode.swift; path = Usuario.swift; sourceTree = "<group>"; };
		33C0976322B234FA00019699 /* FacturaViewController.swift */ = {isa = PBXFileReference; lastKnownFileType = sourcecode.swift; path = FacturaViewController.swift; sourceTree = "<group>"; };
		33C0976522B2469800019699 /* FacturaDetalle.swift */ = {isa = PBXFileReference; lastKnownFileType = sourcecode.swift; path = FacturaDetalle.swift; sourceTree = "<group>"; };
		33F8442922A68DE4002EE0CF /* Restaurante.app */ = {isa = PBXFileReference; explicitFileType = wrapper.application; includeInIndex = 0; path = Restaurante.app; sourceTree = BUILT_PRODUCTS_DIR; };
		33F8442C22A68DE4002EE0CF /* AppDelegate.swift */ = {isa = PBXFileReference; lastKnownFileType = sourcecode.swift; path = AppDelegate.swift; sourceTree = "<group>"; };
		33F8443122A68DE4002EE0CF /* Base */ = {isa = PBXFileReference; lastKnownFileType = file.storyboard; name = Base; path = Base.lproj/Main.storyboard; sourceTree = "<group>"; };
		33F8443322A68DE6002EE0CF /* Assets.xcassets */ = {isa = PBXFileReference; lastKnownFileType = folder.assetcatalog; path = Assets.xcassets; sourceTree = "<group>"; };
		33F8443622A68DE6002EE0CF /* Base */ = {isa = PBXFileReference; lastKnownFileType = file.storyboard; name = Base; path = Base.lproj/LaunchScreen.storyboard; sourceTree = "<group>"; };
		33F8443822A68DE6002EE0CF /* Info.plist */ = {isa = PBXFileReference; lastKnownFileType = text.plist.xml; path = Info.plist; sourceTree = "<group>"; };
		9A4E0B2122B12E3D00DD2D6F /* ProductoTableViewCell.swift */ = {isa = PBXFileReference; lastKnownFileType = sourcecode.swift; path = ProductoTableViewCell.swift; sourceTree = "<group>"; };
		9A4E0B2322B1334300DD2D6F /* ProductoTableViewController.swift */ = {isa = PBXFileReference; lastKnownFileType = sourcecode.swift; path = ProductoTableViewController.swift; sourceTree = "<group>"; };
		9A4E0B2522B193F100DD2D6F /* FacturaTableViewCell.swift */ = {isa = PBXFileReference; lastKnownFileType = sourcecode.swift; path = FacturaTableViewCell.swift; sourceTree = "<group>"; };
/* End PBXFileReference section */

/* Begin PBXFrameworksBuildPhase section */
		33F8442622A68DE4002EE0CF /* Frameworks */ = {
			isa = PBXFrameworksBuildPhase;
			buildActionMask = 2147483647;
			files = (
			);
			runOnlyForDeploymentPostprocessing = 0;
		};
/* End PBXFrameworksBuildPhase section */

/* Begin PBXGroup section */
		331C0B8222A7BA5E003659C3 /* Clases */ = {
			isa = PBXGroup;
			children = (
				331C0B8322A7BA7D003659C3 /* RestClient.swift */,
				331C0B8522A7BAF7003659C3 /* OnResponse.swift */,
				331C0B8722A7BB28003659C3 /* Util.swift */,
				331C0B8922A7BCD8003659C3 /* ProductoRest.swift */,
				331C0B8B22A7BDC9003659C3 /* MesaRest.swift */,
				331C0B8D22A7BE5A003659C3 /* FacturaRest.swift */,
				331C0B8F22A7BEAC003659C3 /* UsuarioRest.swift */,
				331C0B9122A7BEE3003659C3 /* ComandaRest.swift */,
				33C0976522B2469800019699 /* FacturaDetalle.swift */,
			);
			path = Clases;
			sourceTree = "<group>";
		};
		331C0B9322A7BF4F003659C3 /* Mesas */ = {
			isa = PBXGroup;
			children = (
				331C0B7E22A7B776003659C3 /* CollectionViewCell.swift */,
				331C0B8022A7B877003659C3 /* MesasCollectionViewController.swift */,
			);
			path = Mesas;
			sourceTree = "<group>";
		};
		331C0B9822A7C024003659C3 /* Pojos */ = {
			isa = PBXGroup;
			children = (
				331C0B9922A7C03A003659C3 /* Producto.swift */,
				331C0B9B22A7C155003659C3 /* Mesa.swift */,
				331C0B9D22A7C1BB003659C3 /* Factura.swift */,
				331C0B9F22A7C3D5003659C3 /* Comanda.swift */,
				331C0BA122A7C4C9003659C3 /* Usuario.swift */,
			);
			path = Pojos;
			sourceTree = "<group>";
		};
		33F8442022A68DE4002EE0CF = {
			isa = PBXGroup;
			children = (
				9A4E0B2022B12BFF00DD2D6F /* ProductosC */,
				9A4E0B1F22B12BE000DD2D6F /* Factura */,
				331C0B9822A7C024003659C3 /* Pojos */,
				331C0B9322A7BF4F003659C3 /* Mesas */,
				331C0B8222A7BA5E003659C3 /* Clases */,
				33F8442B22A68DE4002EE0CF /* Restaurante */,
				33F8442A22A68DE4002EE0CF /* Products */,
			);
			sourceTree = "<group>";
		};
		33F8442A22A68DE4002EE0CF /* Products */ = {
			isa = PBXGroup;
			children = (
				33F8442922A68DE4002EE0CF /* Restaurante.app */,
			);
			name = Products;
			sourceTree = "<group>";
		};
		33F8442B22A68DE4002EE0CF /* Restaurante */ = {
			isa = PBXGroup;
			children = (
				33F8442C22A68DE4002EE0CF /* AppDelegate.swift */,
				33F8443022A68DE4002EE0CF /* Main.storyboard */,
				33F8443322A68DE6002EE0CF /* Assets.xcassets */,
				33F8443522A68DE6002EE0CF /* LaunchScreen.storyboard */,
				33F8443822A68DE6002EE0CF /* Info.plist */,
			);
			path = Restaurante;
			sourceTree = "<group>";
		};
		9A4E0B1F22B12BE000DD2D6F /* Factura */ = {
			isa = PBXGroup;
			children = (
				9A4E0B2522B193F100DD2D6F /* FacturaTableViewCell.swift */,
				33C0976322B234FA00019699 /* FacturaViewController.swift */,
			);
			path = Factura;
			sourceTree = "<group>";
		};
		9A4E0B2022B12BFF00DD2D6F /* ProductosC */ = {
			isa = PBXGroup;
			children = (
				9A4E0B2122B12E3D00DD2D6F /* ProductoTableViewCell.swift */,
				9A4E0B2322B1334300DD2D6F /* ProductoTableViewController.swift */,
			);
			path = ProductosC;
			sourceTree = "<group>";
		};
/* End PBXGroup section */

/* Begin PBXNativeTarget section */
		33F8442822A68DE4002EE0CF /* Restaurante */ = {
			isa = PBXNativeTarget;
			buildConfigurationList = 33F8443B22A68DE6002EE0CF /* Build configuration list for PBXNativeTarget "Restaurante" */;
			buildPhases = (
				33F8442522A68DE4002EE0CF /* Sources */,
				33F8442622A68DE4002EE0CF /* Frameworks */,
				33F8442722A68DE4002EE0CF /* Resources */,
			);
			buildRules = (
			);
			dependencies = (
			);
			name = Restaurante;
			productName = Restaurante;
			productReference = 33F8442922A68DE4002EE0CF /* Restaurante.app */;
			productType = "com.apple.product-type.application";
		};
/* End PBXNativeTarget section */

/* Begin PBXProject section */
		33F8442122A68DE4002EE0CF /* Project object */ = {
			isa = PBXProject;
			attributes = {
				LastSwiftUpdateCheck = 1020;
				LastUpgradeCheck = 1020;
				ORGANIZATIONNAME = Daniel;
				TargetAttributes = {
					33F8442822A68DE4002EE0CF = {
						CreatedOnToolsVersion = 10.2.1;
					};
				};
			};
			buildConfigurationList = 33F8442422A68DE4002EE0CF /* Build configuration list for PBXProject "Restaurante" */;
			compatibilityVersion = "Xcode 9.3";
			developmentRegion = en;
			hasScannedForEncodings = 0;
			knownRegions = (
				en,
				Base,
			);
			mainGroup = 33F8442022A68DE4002EE0CF;
			productRefGroup = 33F8442A22A68DE4002EE0CF /* Products */;
			projectDirPath = "";
			projectRoot = "";
			targets = (
				33F8442822A68DE4002EE0CF /* Restaurante */,
			);
		};
/* End PBXProject section */

/* Begin PBXResourcesBuildPhase section */
		33F8442722A68DE4002EE0CF /* Resources */ = {
			isa = PBXResourcesBuildPhase;
			buildActionMask = 2147483647;
			files = (
				33F8443722A68DE6002EE0CF /* LaunchScreen.storyboard in Resources */,
				33F8443422A68DE6002EE0CF /* Assets.xcassets in Resources */,
				33F8443222A68DE4002EE0CF /* Main.storyboard in Resources */,
			);
			runOnlyForDeploymentPostprocessing = 0;
		};
/* End PBXResourcesBuildPhase section */

/* Begin PBXSourcesBuildPhase section */
		33F8442522A68DE4002EE0CF /* Sources */ = {
			isa = PBXSourcesBuildPhase;
			buildActionMask = 2147483647;
			files = (
				9A4E0B2222B12E3D00DD2D6F /* ProductoTableViewCell.swift in Sources */,
				331C0B9E22A7C1BB003659C3 /* Factura.swift in Sources */,
				9A4E0B2622B193F100DD2D6F /* FacturaTableViewCell.swift in Sources */,
				331C0B7F22A7B776003659C3 /* CollectionViewCell.swift in Sources */,
				331C0B9222A7BEE3003659C3 /* ComandaRest.swift in Sources */,
				33C0976622B2469800019699 /* FacturaDetalle.swift in Sources */,
				331C0B8822A7BB28003659C3 /* Util.swift in Sources */,
				331C0BA022A7C3D5003659C3 /* Comanda.swift in Sources */,
				331C0B9C22A7C155003659C3 /* Mesa.swift in Sources */,
				331C0BA222A7C4C9003659C3 /* Usuario.swift in Sources */,
				331C0B8E22A7BE5A003659C3 /* FacturaRest.swift in Sources */,
				331C0B8422A7BA7D003659C3 /* RestClient.swift in Sources */,
				33C0976422B234FA00019699 /* FacturaViewController.swift in Sources */,
				331C0B8A22A7BCD8003659C3 /* ProductoRest.swift in Sources */,
				331C0B9A22A7C03A003659C3 /* Producto.swift in Sources */,
				331C0B8122A7B877003659C3 /* MesasCollectionViewController.swift in Sources */,
				9A4E0B2422B1334300DD2D6F /* ProductoTableViewController.swift in Sources */,
				331C0B9022A7BEAC003659C3 /* UsuarioRest.swift in Sources */,
				331C0B8C22A7BDC9003659C3 /* MesaRest.swift in Sources */,
				33F8442D22A68DE4002EE0CF /* AppDelegate.swift in Sources */,
				331C0B8622A7BAF7003659C3 /* OnResponse.swift in Sources */,
			);
			runOnlyForDeploymentPostprocessing = 0;
		};
/* End PBXSourcesBuildPhase section */

/* Begin PBXVariantGroup section */
		33F8443022A68DE4002EE0CF /* Main.storyboard */ = {
			isa = PBXVariantGroup;
			children = (
				33F8443122A68DE4002EE0CF /* Base */,
			);
			name = Main.storyboard;
			sourceTree = "<group>";
		};
		33F8443522A68DE6002EE0CF /* LaunchScreen.storyboard */ = {
			isa = PBXVariantGroup;
			children = (
				33F8443622A68DE6002EE0CF /* Base */,
			);
			name = LaunchScreen.storyboard;
			sourceTree = "<group>";
		};
/* End PBXVariantGroup section */

/* Begin XCBuildConfiguration section */
		33F8443922A68DE6002EE0CF /* Debug */ = {
			isa = XCBuildConfiguration;
			buildSettings = {
				ALWAYS_SEARCH_USER_PATHS = NO;
				CLANG_ANALYZER_NONNULL = YES;
				CLANG_ANALYZER_NUMBER_OBJECT_CONVERSION = YES_AGGRESSIVE;
				CLANG_CXX_LANGUAGE_STANDARD = "gnu++14";
				CLANG_CXX_LIBRARY = "libc++";
				CLANG_ENABLE_MODULES = YES;
				CLANG_ENABLE_OBJC_ARC = YES;
				CLANG_ENABLE_OBJC_WEAK = YES;
				CLANG_WARN_BLOCK_CAPTURE_AUTORELEASING = YES;
				CLANG_WARN_BOOL_CONVERSION = YES;
				CLANG_WARN_COMMA = YES;
				CLANG_WARN_CONSTANT_CONVERSION = YES;
				CLANG_WARN_DEPRECATED_OBJC_IMPLEMENTATIONS = YES;
				CLANG_WARN_DIRECT_OBJC_ISA_USAGE = YES_ERROR;
				CLANG_WARN_DOCUMENTATION_COMMENTS = YES;
				CLANG_WARN_EMPTY_BODY = YES;
				CLANG_WARN_ENUM_CONVERSION = YES;
				CLANG_WARN_INFINITE_RECURSION = YES;
				CLANG_WARN_INT_CONVERSION = YES;
				CLANG_WARN_NON_LITERAL_NULL_CONVERSION = YES;
				CLANG_WARN_OBJC_IMPLICIT_RETAIN_SELF = YES;
				CLANG_WARN_OBJC_LITERAL_CONVERSION = YES;
				CLANG_WARN_OBJC_ROOT_CLASS = YES_ERROR;
				CLANG_WARN_RANGE_LOOP_ANALYSIS = YES;
				CLANG_WARN_STRICT_PROTOTYPES = YES;
				CLANG_WARN_SUSPICIOUS_MOVE = YES;
				CLANG_WARN_UNGUARDED_AVAILABILITY = YES_AGGRESSIVE;
				CLANG_WARN_UNREACHABLE_CODE = YES;
				CLANG_WARN__DUPLICATE_METHOD_MATCH = YES;
				CODE_SIGN_IDENTITY = "iPhone Developer";
				COPY_PHASE_STRIP = NO;
				DEBUG_INFORMATION_FORMAT = dwarf;
				ENABLE_STRICT_OBJC_MSGSEND = YES;
				ENABLE_TESTABILITY = YES;
				GCC_C_LANGUAGE_STANDARD = gnu11;
				GCC_DYNAMIC_NO_PIC = NO;
				GCC_NO_COMMON_BLOCKS = YES;
				GCC_OPTIMIZATION_LEVEL = 0;
				GCC_PREPROCESSOR_DEFINITIONS = (
					"DEBUG=1",
					"$(inherited)",
				);
				GCC_WARN_64_TO_32_BIT_CONVERSION = YES;
				GCC_WARN_ABOUT_RETURN_TYPE = YES_ERROR;
				GCC_WARN_UNDECLARED_SELECTOR = YES;
				GCC_WARN_UNINITIALIZED_AUTOS = YES_AGGRESSIVE;
				GCC_WARN_UNUSED_FUNCTION = YES;
				GCC_WARN_UNUSED_VARIABLE = YES;
				IPHONEOS_DEPLOYMENT_TARGET = 12.2;
				MTL_ENABLE_DEBUG_INFO = INCLUDE_SOURCE;
				MTL_FAST_MATH = YES;
				ONLY_ACTIVE_ARCH = YES;
				SDKROOT = iphoneos;
				SWIFT_ACTIVE_COMPILATION_CONDITIONS = DEBUG;
				SWIFT_OPTIMIZATION_LEVEL = "-Onone";
			};
			name = Debug;
		};
		33F8443A22A68DE6002EE0CF /* Release */ = {
			isa = XCBuildConfiguration;
			buildSettings = {
				ALWAYS_SEARCH_USER_PATHS = NO;
				CLANG_ANALYZER_NONNULL = YES;
				CLANG_ANALYZER_NUMBER_OBJECT_CONVERSION = YES_AGGRESSIVE;
				CLANG_CXX_LANGUAGE_STANDARD = "gnu++14";
				CLANG_CXX_LIBRARY = "libc++";
				CLANG_ENABLE_MODULES = YES;
				CLANG_ENABLE_OBJC_ARC = YES;
				CLANG_ENABLE_OBJC_WEAK = YES;
				CLANG_WARN_BLOCK_CAPTURE_AUTORELEASING = YES;
				CLANG_WARN_BOOL_CONVERSION = YES;
				CLANG_WARN_COMMA = YES;
				CLANG_WARN_CONSTANT_CONVERSION = YES;
				CLANG_WARN_DEPRECATED_OBJC_IMPLEMENTATIONS = YES;
				CLANG_WARN_DIRECT_OBJC_ISA_USAGE = YES_ERROR;
				CLANG_WARN_DOCUMENTATION_COMMENTS = YES;
				CLANG_WARN_EMPTY_BODY = YES;
				CLANG_WARN_ENUM_CONVERSION = YES;
				CLANG_WARN_INFINITE_RECURSION = YES;
				CLANG_WARN_INT_CONVERSION = YES;
				CLANG_WARN_NON_LITERAL_NULL_CONVERSION = YES;
				CLANG_WARN_OBJC_IMPLICIT_RETAIN_SELF = YES;
				CLANG_WARN_OBJC_LITERAL_CONVERSION = YES;
				CLANG_WARN_OBJC_ROOT_CLASS = YES_ERROR;
				CLANG_WARN_RANGE_LOOP_ANALYSIS = YES;
				CLANG_WARN_STRICT_PROTOTYPES = YES;
				CLANG_WARN_SUSPICIOUS_MOVE = YES;
				CLANG_WARN_UNGUARDED_AVAILABILITY = YES_AGGRESSIVE;
				CLANG_WARN_UNREACHABLE_CODE = YES;
				CLANG_WARN__DUPLICATE_METHOD_MATCH = YES;
				CODE_SIGN_IDENTITY = "iPhone Developer";
				COPY_PHASE_STRIP = NO;
				DEBUG_INFORMATION_FORMAT = "dwarf-with-dsym";
				ENABLE_NS_ASSERTIONS = NO;
				ENABLE_STRICT_OBJC_MSGSEND = YES;
				GCC_C_LANGUAGE_STANDARD = gnu11;
				GCC_NO_COMMON_BLOCKS = YES;
				GCC_WARN_64_TO_32_BIT_CONVERSION = YES;
				GCC_WARN_ABOUT_RETURN_TYPE = YES_ERROR;
				GCC_WARN_UNDECLARED_SELECTOR = YES;
				GCC_WARN_UNINITIALIZED_AUTOS = YES_AGGRESSIVE;
				GCC_WARN_UNUSED_FUNCTION = YES;
				GCC_WARN_UNUSED_VARIABLE = YES;
				IPHONEOS_DEPLOYMENT_TARGET = 12.2;
				MTL_ENABLE_DEBUG_INFO = NO;
				MTL_FAST_MATH = YES;
				SDKROOT = iphoneos;
				SWIFT_COMPILATION_MODE = wholemodule;
				SWIFT_OPTIMIZATION_LEVEL = "-O";
				VALIDATE_PRODUCT = YES;
			};
			name = Release;
		};
		33F8443C22A68DE6002EE0CF /* Debug */ = {
			isa = XCBuildConfiguration;
			buildSettings = {
				ASSETCATALOG_COMPILER_APPICON_NAME = AppIcon;
				CODE_SIGN_STYLE = Automatic;
				INFOPLIST_FILE = Restaurante/Info.plist;
				LD_RUNPATH_SEARCH_PATHS = (
					"$(inherited)",
					"@executable_path/Frameworks",
				);
				PRODUCT_BUNDLE_IDENTIFIER = org.restaurante.Restaurante;
				PRODUCT_NAME = "$(TARGET_NAME)";
				SWIFT_VERSION = 5.0;
				TARGETED_DEVICE_FAMILY = "1,2";
			};
			name = Debug;
		};
		33F8443D22A68DE6002EE0CF /* Release */ = {
			isa = XCBuildConfiguration;
			buildSettings = {
				ASSETCATALOG_COMPILER_APPICON_NAME = AppIcon;
				CODE_SIGN_STYLE = Automatic;
				INFOPLIST_FILE = Restaurante/Info.plist;
				LD_RUNPATH_SEARCH_PATHS = (
					"$(inherited)",
					"@executable_path/Frameworks",
				);
				PRODUCT_BUNDLE_IDENTIFIER = org.restaurante.Restaurante;
				PRODUCT_NAME = "$(TARGET_NAME)";
				SWIFT_VERSION = 5.0;
				TARGETED_DEVICE_FAMILY = "1,2";
			};
			name = Release;
		};
/* End XCBuildConfiguration section */

/* Begin XCConfigurationList section */
		33F8442422A68DE4002EE0CF /* Build configuration list for PBXProject "Restaurante" */ = {
			isa = XCConfigurationList;
			buildConfigurations = (
				33F8443922A68DE6002EE0CF /* Debug */,
				33F8443A22A68DE6002EE0CF /* Release */,
			);
			defaultConfigurationIsVisible = 0;
			defaultConfigurationName = Release;
		};
		33F8443B22A68DE6002EE0CF /* Build configuration list for PBXNativeTarget "Restaurante" */ = {
			isa = XCConfigurationList;
			buildConfigurations = (
				33F8443C22A68DE6002EE0CF /* Debug */,
				33F8443D22A68DE6002EE0CF /* Release */,
			);
			defaultConfigurationIsVisible = 0;
			defaultConfigurationName = Release;
		};
/* End XCConfigurationList section */
	};
	rootObject = 33F8442122A68DE4002EE0CF /* Project object */;
}
